{
  "nodes": {
    "emacs-overlay": {
      "inputs": {
        "flake-utils": "flake-utils",
        "nixpkgs": "nixpkgs",
        "nixpkgs-stable": "nixpkgs-stable"
      },
      "locked": {
        "lastModified": 1697252192,
        "narHash": "sha256-ryRgMOnBVYW+scs4aZgcztTD4vIdBm65nxTuTtdoPaE=",
        "owner": "nix-community",
        "repo": "emacs-overlay",
        "rev": "0c2b75cef024e0756ba80b5411289d87584ecf43",
        "type": "github"
      },
      "original": {
        "owner": "nix-community",
        "repo": "emacs-overlay",
        "type": "github"
      }
    },
    "flake-utils": {
      "inputs": {
        "systems": "systems"
      },
      "locked": {
        "lastModified": 1694529238,
        "narHash": "sha256-zsNZZGTGnMOf9YpHKJqMSsa0dXbfmxeoJ7xHlrt+xmY=",
        "owner": "numtide",
        "repo": "flake-utils",
        "rev": "ff7b65b44d01cf9ba6a71320833626af21126384",
        "type": "github"
      },
      "original": {
        "owner": "numtide",
        "repo": "flake-utils",
        "type": "github"
      }
    },
    "flake-utils_2": {
      "inputs": {
        "systems": "systems_2"
      },
      "locked": {
        "lastModified": 1694529238,
        "narHash": "sha256-zsNZZGTGnMOf9YpHKJqMSsa0dXbfmxeoJ7xHlrt+xmY=",
        "owner": "numtide",
        "repo": "flake-utils",
        "rev": "ff7b65b44d01cf9ba6a71320833626af21126384",
        "type": "github"
      },
      "original": {
        "owner": "numtide",
        "repo": "flake-utils",
        "type": "github"
      }
    },
    "home-manager": {
      "inputs": {
        "nixpkgs": "nixpkgs_2"
      },
      "locked": {
        "lastModified": 1696940889,
        "narHash": "sha256-p2Wic74A1tZpFcld1wSEbFQQbrZ/tPDuLieCnspamQo=",
        "owner": "nix-community",
        "repo": "home-manager",
        "rev": "6bba64781e4b7c1f91a733583defbd3e46b49408",
        "type": "github"
      },
      "original": {
        "owner": "nix-community",
        "repo": "home-manager",
        "type": "github"
      }
    },
    "nixpkgs": {
      "locked": {
        "lastModified": 1697059129,
        "narHash": "sha256-9NJcFF9CEYPvHJ5ckE8kvINvI84SZZ87PvqMbH6pro0=",
        "owner": "NixOS",
        "repo": "nixpkgs",
        "rev": "5e4c2ada4fcd54b99d56d7bd62f384511a7e2593",
        "type": "github"
      },
      "original": {
        "owner": "NixOS",
        "ref": "nixos-unstable",
        "repo": "nixpkgs",
        "type": "github"
      }
    },
    "nixpkgs-stable": {
      "locked": {
        "lastModified": 1696983906,
        "narHash": "sha256-L7GyeErguS7Pg4h8nK0wGlcUTbfUMDu+HMf1UcyP72k=",
        "owner": "NixOS",
        "repo": "nixpkgs",
        "rev": "bd1cde45c77891214131cbbea5b1203e485a9d51",
        "type": "github"
      },
      "original": {
        "owner": "NixOS",
        "ref": "nixos-23.05",
        "repo": "nixpkgs",
        "type": "github"
      }
    },
    "nixpkgs_2": {
      "locked": {
        "lastModified": 1696604326,
        "narHash": "sha256-YXUNI0kLEcI5g8lqGMb0nh67fY9f2YoJsILafh6zlMo=",
        "owner": "NixOS",
        "repo": "nixpkgs",
        "rev": "87828a0e03d1418e848d3dd3f3014a632e4a4f64",
        "type": "github"
      },
      "original": {
        "owner": "NixOS",
        "ref": "nixos-unstable",
        "repo": "nixpkgs",
        "type": "github"
      }
    },
    "nixpkgs_3": {
      "locked": {
        "lastModified": 1697059129,
        "narHash": "sha256-9NJcFF9CEYPvHJ5ckE8kvINvI84SZZ87PvqMbH6pro0=",
        "owner": "NixOS",
        "repo": "nixpkgs",
        "rev": "5e4c2ada4fcd54b99d56d7bd62f384511a7e2593",
        "type": "github"
      },
      "original": {
        "owner": "NixOS",
        "ref": "nixos-unstable",
        "repo": "nixpkgs",
        "type": "github"
      }
    },
    "root": {
      "inputs": {
        "emacs-overlay": "emacs-overlay",
        "flake-utils": "flake-utils_2",
        "home-manager": "home-manager",
        "nixpkgs": "nixpkgs_3",
        "unstable": "unstable"
      }
    },
    "systems": {
      "locked": {
        "lastModified": 1681028828,
        "narHash": "sha256-Vy1rq5AaRuLzOxct8nz4T6wlgyUR7zLU309k9mBC768=",
        "owner": "nix-systems",
        "repo": "default",
        "rev": "da67096a3b9bf56a91d16901293e51ba5b49a27e",
        "type": "github"
      },
      "original": {
        "owner": "nix-systems",
        "repo": "default",
        "type": "github"
      }
    },
    "systems_2": {
      "locked": {
        "lastModified": 1681028828,
        "narHash": "sha256-Vy1rq5AaRuLzOxct8nz4T6wlgyUR7zLU309k9mBC768=",
        "owner": "nix-systems",
        "repo": "default",
        "rev": "da67096a3b9bf56a91d16901293e51ba5b49a27e",
        "type": "github"
      },
      "original": {
        "owner": "nix-systems",
        "repo": "default",
        "type": "github"
      }
    },
    "unstable": {
      "locked": {
        "lastModified": 1697059129,
        "narHash": "sha256-9NJcFF9CEYPvHJ5ckE8kvINvI84SZZ87PvqMbH6pro0=",
        "owner": "NixOS",
        "repo": "nixpkgs",
        "rev": "5e4c2ada4fcd54b99d56d7bd62f384511a7e2593",
        "type": "github"
      },
      "original": {
        "owner": "NixOS",
        "ref": "nixos-unstable",
        "repo": "nixpkgs",
        "type": "github"
      }
    }
  },
  "root": "root",
  "version": 7
}
